
Microsoft Visual Studio Solution File, Format Version 12.00
# Visual Studio Version 16
VisualStudioVersion = 16.0.31229.75
MinimumVisualStudioVersion = 10.0.40219.1
Project("{8BC9CEB8-8B4A-11D0-8D11-00A0C91BC942}") = "bai 4 mon KTLT", "bai 4 mon KTLT\bai 4 mon KTLT.vcxproj", "{E69EEBE3-EF7C-4780-9F44-386C5B2F629D}"
EndProject
Global
	GlobalSection(SolutionConfigurationPlatforms) = preSolution
		Debug|x64 = Debug|x64
		Debug|x86 = Debug|x86
		Release|x64 = Release|x64
		Release|x86 = Release|x86
	EndGlobalSection
	GlobalSection(ProjectConfigurationPlatforms) = postSolution
		{E69EEBE3-EF7C-4780-9F44-386C5B2F629D}.Debug|x64.ActiveCfg = Debug|x64
		{E69EEBE3-EF7C-4780-9F44-386C5B2F629D}.Debug|x64.Build.0 = Debug|x64
		{E69EEBE3-EF7C-4780-9F44-386C5B2F629D}.Debug|x86.ActiveCfg = Debug|Win32
		{E69EEBE3-EF7C-4780-9F44-386C5B2F629D}.Debug|x86.Build.0 = Debug|Win32
		{E69EEBE3-EF7C-4780-9F44-386C5B2F629D}.Release|x64.ActiveCfg = Release|x64
		{E69EEBE3-EF7C-4780-9F44-386C5B2F629D}.Release|x64.Build.0 = Release|x64
		{E69EEBE3-EF7C-4780-9F44-386C5B2F629D}.Release|x86.ActiveCfg = Release|Win32
		{E69EEBE3-EF7C-4780-9F44-386C5B2F629D}.Release|x86.Build.0 = Release|Win32
	EndGlobalSection
	GlobalSection(SolutionProperties) = preSolution
		HideSolutionNode = FALSE
	EndGlobalSection
	GlobalSection(ExtensibilityGlobals) = postSolution
		SolutionGuid = {923D59C1-CA7E-41E3-8AE4-E9F730F15E5E}
	EndGlobalSection
EndGlobal
